
Microsoft Visual Studio Solution File, Format Version 12.00
# Visual Studio Version 16
VisualStudioVersion = 16.0.30621.155
MinimumVisualStudioVersion = 10.0.40219.1
Project("{9A19103F-16F7-4668-BE54-9A1E7A4F7556}") = "ConsoleApp4", "ConsoleApp4\ConsoleApp4.csproj", "{F046F185-794B-49A0-A23E-2EC4A060E746}"
EndProject
Project("{FAE04EC0-301F-11D3-BF4B-00C04F79EFBC}") = "longestword", "longestword\longestword.csproj", "{8789936C-1138-402A-ABF0-BC35B73D577C}"
EndProject
Global
	GlobalSection(SolutionConfigurationPlatforms) = preSolution
		Debug|Any CPU = Debug|Any CPU
		Release|Any CPU = Release|Any CPU
	EndGlobalSection
	GlobalSection(ProjectConfigurationPlatforms) = postSolution
		{F046F185-794B-49A0-A23E-2EC4A060E746}.Debug|Any CPU.ActiveCfg = Debug|Any CPU
		{F046F185-794B-49A0-A23E-2EC4A060E746}.Debug|Any CPU.Build.0 = Debug|Any CPU
		{F046F185-794B-49A0-A23E-2EC4A060E746}.Release|Any CPU.ActiveCfg = Release|Any CPU
		{F046F185-794B-49A0-A23E-2EC4A060E746}.Release|Any CPU.Build.0 = Release|Any CPU
		{8789936C-1138-402A-ABF0-BC35B73D577C}.Debug|Any CPU.ActiveCfg = Debug|Any CPU
		{8789936C-1138-402A-ABF0-BC35B73D577C}.Debug|Any CPU.Build.0 = Debug|Any CPU
		{8789936C-1138-402A-ABF0-BC35B73D577C}.Release|Any CPU.ActiveCfg = Release|Any CPU
		{8789936C-1138-402A-ABF0-BC35B73D577C}.Release|Any CPU.Build.0 = Release|Any CPU
	EndGlobalSection
	GlobalSection(SolutionProperties) = preSolution
		HideSolutionNode = FALSE
	EndGlobalSection
	GlobalSection(ExtensibilityGlobals) = postSolution
		SolutionGuid = {D008E852-C18C-42CF-A77B-EDB5904DD9BC}
	EndGlobalSection
EndGlobal
